
Microsoft Visual Studio Solution File, Format Version 12.00
# Visual Studio 15
VisualStudioVersion = 15.0.25807.0
MinimumVisualStudioVersion = 10.0.40219.1
Project("{2150E333-8FDC-42A3-9474-1A3956D46DE8}") = "Engine", "Engine", "{C7C92A4F-4847-432E-BCED-524CFD47EE2B}"
EndProject
Project("{2150E333-8FDC-42A3-9474-1A3956D46DE8}") = "Games", "Games", "{082619BA-628D-43A3-976F-D1828FD24E45}"
EndProject
Project("{8BC9CEB8-8B4A-11D0-8D11-00A0C91BC942}") = "UE4", "Intermediate\ProjectFiles\UE4.vcxproj", "{A681EA69-C9FD-4C75-85D7-A06D7DCFE295}"
EndProject
Project("{8BC9CEB8-8B4A-11D0-8D11-00A0C91BC942}") = "Platformer", "Intermediate\ProjectFiles\Platformer.vcxproj", "{57090DE0-93DB-4D4C-A174-9302CB362832}"
EndProject
Global
	GlobalSection(SolutionConfigurationPlatforms) = preSolution
		DebugGame Editor|HTML5 = DebugGame Editor|HTML5
		DebugGame Editor|Win32 = DebugGame Editor|Win32
		DebugGame Editor|Win64 = DebugGame Editor|Win64
		DebugGame|HTML5 = DebugGame|HTML5
		DebugGame|Win32 = DebugGame|Win32
		DebugGame|Win64 = DebugGame|Win64
		Development Editor|HTML5 = Development Editor|HTML5
		Development Editor|Win32 = Development Editor|Win32
		Development Editor|Win64 = Development Editor|Win64
		Development|HTML5 = Development|HTML5
		Development|Win32 = Development|Win32
		Development|Win64 = Development|Win64
		Shipping|HTML5 = Shipping|HTML5
		Shipping|Win32 = Shipping|Win32
		Shipping|Win64 = Shipping|Win64
	EndGlobalSection
	GlobalSection(ProjectConfigurationPlatforms) = postSolution
		{57090DE0-93DB-4D4C-A174-9302CB362832}.DebugGame Editor|HTML5.ActiveCfg = HTML5_DebugGame_Editor|Win32
		{57090DE0-93DB-4D4C-A174-9302CB362832}.DebugGame Editor|Win32.ActiveCfg = DebugGame_Editor|Win32
		{57090DE0-93DB-4D4C-A174-9302CB362832}.DebugGame Editor|Win64.ActiveCfg = DebugGame_Editor|x64
		{57090DE0-93DB-4D4C-A174-9302CB362832}.DebugGame Editor|Win64.Build.0 = DebugGame_Editor|x64
		{57090DE0-93DB-4D4C-A174-9302CB362832}.DebugGame|HTML5.ActiveCfg = HTML5_DebugGame_Game|Win32
		{57090DE0-93DB-4D4C-A174-9302CB362832}.DebugGame|HTML5.Build.0 = HTML5_DebugGame_Game|Win32
		{57090DE0-93DB-4D4C-A174-9302CB362832}.DebugGame|Win32.ActiveCfg = DebugGame_Game|Win32
		{57090DE0-93DB-4D4C-A174-9302CB362832}.DebugGame|Win32.Build.0 = DebugGame_Game|Win32
		{57090DE0-93DB-4D4C-A174-9302CB362832}.DebugGame|Win64.ActiveCfg = DebugGame_Game|x64
		{57090DE0-93DB-4D4C-A174-9302CB362832}.DebugGame|Win64.Build.0 = DebugGame_Game|x64
		{57090DE0-93DB-4D4C-A174-9302CB362832}.Development Editor|HTML5.ActiveCfg = HTML5_Development_Editor|Win32
		{57090DE0-93DB-4D4C-A174-9302CB362832}.Development Editor|Win32.ActiveCfg = Development_Editor|Win32
		{57090DE0-93DB-4D4C-A174-9302CB362832}.Development Editor|Win64.ActiveCfg = Development_Editor|x64
		{57090DE0-93DB-4D4C-A174-9302CB362832}.Development Editor|Win64.Build.0 = Development_Editor|x64
		{57090DE0-93DB-4D4C-A174-9302CB362832}.Development|HTML5.ActiveCfg = HTML5_Development_Game|Win32
		{57090DE0-93DB-4D4C-A174-9302CB362832}.Development|HTML5.Build.0 = HTML5_Development_Game|Win32
		{57090DE0-93DB-4D4C-A174-9302CB362832}.Development|Win32.ActiveCfg = Development_Game|Win32
		{57090DE0-93DB-4D4C-A174-9302CB362832}.Development|Win32.Build.0 = Development_Game|Win32
		{57090DE0-93DB-4D4C-A174-9302CB362832}.Development|Win64.ActiveCfg = Development_Game|x64
		{57090DE0-93DB-4D4C-A174-9302CB362832}.Development|Win64.Build.0 = Development_Game|x64
		{57090DE0-93DB-4D4C-A174-9302CB362832}.Shipping|HTML5.ActiveCfg = HTML5_Shipping_Game|Win32
		{57090DE0-93DB-4D4C-A174-9302CB362832}.Shipping|HTML5.Build.0 = HTML5_Shipping_Game|Win32
		{57090DE0-93DB-4D4C-A174-9302CB362832}.Shipping|Win32.ActiveCfg = Shipping_Game|Win32
		{57090DE0-93DB-4D4C-A174-9302CB362832}.Shipping|Win32.Build.0 = Shipping_Game|Win32
		{57090DE0-93DB-4D4C-A174-9302CB362832}.Shipping|Win64.ActiveCfg = Shipping_Game|x64
		{57090DE0-93DB-4D4C-A174-9302CB362832}.Shipping|Win64.Build.0 = Shipping_Game|x64
	EndGlobalSection
	GlobalSection(SolutionProperties) = preSolution
		HideSolutionNode = FALSE
	EndGlobalSection
	GlobalSection(NestedProjects) = preSolution
		{A681EA69-C9FD-4C75-85D7-A06D7DCFE295} = {C7C92A4F-4847-432E-BCED-524CFD47EE2B}
		{57090DE0-93DB-4D4C-A174-9302CB362832} = {082619BA-628D-43A3-976F-D1828FD24E45}
	EndGlobalSection
EndGlobal
